// !$*UTF8*$!
{
	archiveVersion = 1;
	classes = {
	};
	objectVersion = 46;
	objects = {

/* Begin PBXBuildFile section */
		1C94516A1EAF29D1008A04EE /* main.m in Sources */ = {isa = PBXBuildFile; fileRef = 1C9451691EAF29D1008A04EE /* main.m */; };
		1C94516D1EAF29D1008A04EE /* AppDelegate.m in Sources */ = {isa = PBXBuildFile; fileRef = 1C94516C1EAF29D1008A04EE /* AppDelegate.m */; };
		1C9451701EAF29D1008A04EE /* ViewController.m in Sources */ = {isa = PBXBuildFile; fileRef = 1C94516F1EAF29D1008A04EE /* ViewController.m */; };
		1C9451731EAF29D1008A04EE /* Main.storyboard in Resources */ = {isa = PBXBuildFile; fileRef = 1C9451711EAF29D1008A04EE /* Main.storyboard */; };
		1C9451751EAF29D1008A04EE /* Assets.xcassets in Resources */ = {isa = PBXBuildFile; fileRef = 1C9451741EAF29D1008A04EE /* Assets.xcassets */; };
		1C9451781EAF29D1008A04EE /* LaunchScreen.storyboard in Resources */ = {isa = PBXBuildFile; fileRef = 1C9451761EAF29D1008A04EE /* LaunchScreen.storyboard */; };
		1C9451831EAF29D1008A04EE /* MyAppTests.m in Sources */ = {isa = PBXBuildFile; fileRef = 1C9451821EAF29D1008A04EE /* MyAppTests.m */; };
		1C94518E1EAF29D2008A04EE /* MyAppUITests.m in Sources */ = {isa = PBXBuildFile; fileRef = 1C94518D1EAF29D2008A04EE /* MyAppUITests.m */; };
/* End PBXBuildFile section */

/* Begin PBXContainerItemProxy section */
		1C94517F1EAF29D1008A04EE /* PBXContainerItemProxy */ = {
			isa = PBXContainerItemProxy;
			containerPortal = 1C94515D1EAF29D1008A04EE /* Project object */;
			proxyType = 1;
			remoteGlobalIDString = 1C9451641EAF29D1008A04EE;
			remoteInfo = MyApp;
		};
		1C94518A1EAF29D2008A04EE /* PBXContainerItemProxy */ = {
			isa = PBXContainerItemProxy;
			containerPortal = 1C94515D1EAF29D1008A04EE /* Project object */;
			proxyType = 1;
			remoteGlobalIDString = 1C9451641EAF29D1008A04EE;
			remoteInfo = MyApp;
		};
/* End PBXContainerItemProxy section */

/* Begin PBXFileReference section */
		1C9451651EAF29D1008A04EE /* MyApp.app */ = {isa = PBXFileReference; explicitFileType = wrapper.application; includeInIndex = 0; path = MyApp.app; sourceTree = BUILT_PRODUCTS_DIR; };
		1C9451691EAF29D1008A04EE /* main.m */ = {isa = PBXFileReference; lastKnownFileType = sourcecode.c.objc; path = main.m; sourceTree = "<group>"; };
		1C94516B1EAF29D1008A04EE /* AppDelegate.h */ = {isa = PBXFileReference; lastKnownFileType = sourcecode.c.h; path = AppDelegate.h; sourceTree = "<group>"; };
		1C94516C1EAF29D1008A04EE /* AppDelegate.m */ = {isa = PBXFileReference; lastKnownFileType = sourcecode.c.objc; path = AppDelegate.m; sourceTree = "<group>"; };
		1C94516E1EAF29D1008A04EE /* ViewController.h */ = {isa = PBXFileReference; lastKnownFileType = sourcecode.c.h; path = ViewController.h; sourceTree = "<group>"; };
		1C94516F1EAF29D1008A04EE /* ViewController.m */ = {isa = PBXFileReference; lastKnownFileType = sourcecode.c.objc; path = ViewController.m; sourceTree = "<group>"; };
		1C9451721EAF29D1008A04EE /* Base */ = {isa = PBXFileReference; lastKnownFileType = file.storyboard; name = Base; path = Base.lproj/Main.storyboard; sourceTree = "<group>"; };
		1C9451741EAF29D1008A04EE /* Assets.xcassets */ = {isa = PBXFileReference; lastKnownFileType = folder.assetcatalog; path = Assets.xcassets; sourceTree = "<group>"; };
		1C9451771EAF29D1008A04EE /* Base */ = {isa = PBXFileReference; lastKnownFileType = file.storyboard; name = Base; path = Base.lproj/LaunchScreen.storyboard; sourceTree = "<group>"; };
		1C9451791EAF29D1008A04EE /* Info.plist */ = {isa = PBXFileReference; lastKnownFileType = text.plist.xml; path = Info.plist; sourceTree = "<group>"; };
		1C94517E1EAF29D1008A04EE /* MyAppTests.xctest */ = {isa = PBXFileReference; explicitFileType = wrapper.cfbundle; includeInIndex = 0; path = MyAppTests.xctest; sourceTree = BUILT_PRODUCTS_DIR; };
		1C9451821EAF29D1008A04EE /* MyAppTests.m */ = {isa = PBXFileReference; lastKnownFileType = sourcecode.c.objc; path = MyAppTests.m; sourceTree = "<group>"; };
		1C9451841EAF29D1008A04EE /* Info.plist */ = {isa = PBXFileReference; lastKnownFileType = text.plist.xml; path = Info.plist; sourceTree = "<group>"; };
		1C9451891EAF29D2008A04EE /* MyAppUITests.xctest */ = {isa = PBXFileReference; explicitFileType = wrapper.cfbundle; includeInIndex = 0; path = MyAppUITests.xctest; sourceTree = BUILT_PRODUCTS_DIR; };
		1C94518D1EAF29D2008A04EE /* MyAppUITests.m */ = {isa = PBXFileReference; lastKnownFileType = sourcecode.c.objc; path = MyAppUITests.m; sourceTree = "<group>"; };
		1C94518F1EAF29D2008A04EE /* Info.plist */ = {isa = PBXFileReference; lastKnownFileType = text.plist.xml; path = Info.plist; sourceTree = "<group>"; };
/* End PBXFileReference section */

/* Begin PBXFrameworksBuildPhase section */
		1C9451621EAF29D1008A04EE /* Frameworks */ = {
			isa = PBXFrameworksBuildPhase;
			buildActionMask = 2147483647;
			files = (
			);
			runOnlyForDeploymentPostprocessing = 0;
		};
		1C94517B1EAF29D1008A04EE /* Frameworks */ = {
			isa = PBXFrameworksBuildPhase;
			buildActionMask = 2147483647;
			files = (
			);
			runOnlyForDeploymentPostprocessing = 0;
		};
		1C9451861EAF29D2008A04EE /* Frameworks */ = {
			isa = PBXFrameworksBuildPhase;
			buildActionMask = 2147483647;
			files = (
			);
			runOnlyForDeploymentPostprocessing = 0;
		};
/* End PBXFrameworksBuildPhase section */

/* Begin PBXGroup section */
		1C94515C1EAF29D1008A04EE = {
			isa = PBXGroup;
			children = (
				1C9451671EAF29D1008A04EE /* MyApp */,
				1C9451811EAF29D1008A04EE /* MyAppTests */,
				1C94518C1EAF29D2008A04EE /* MyAppUITests */,
				1C9451661EAF29D1008A04EE /* Products */,
			);
			sourceTree = "<group>";
		};
		1C9451661EAF29D1008A04EE /* Products */ = {
			isa = PBXGroup;
			children = (
				1C9451651EAF29D1008A04EE /* MyApp.app */,
				1C94517E1EAF29D1008A04EE /* MyAppTests.xctest */,
				1C9451891EAF29D2008A04EE /* MyAppUITests.xctest */,
			);
			name = Products;
			sourceTree = "<group>";
		};
		1C9451671EAF29D1008A04EE /* MyApp */ = {
			isa = PBXGroup;
			children = (
				1C94516B1EAF29D1008A04EE /* AppDelegate.h */,
				1C94516C1EAF29D1008A04EE /* AppDelegate.m */,
				1C94516E1EAF29D1008A04EE /* ViewController.h */,
				1C94516F1EAF29D1008A04EE /* ViewController.m */,
				1C9451711EAF29D1008A04EE /* Main.storyboard */,
				1C9451741EAF29D1008A04EE /* Assets.xcassets */,
				1C9451761EAF29D1008A04EE /* LaunchScreen.storyboard */,
				1C9451791EAF29D1008A04EE /* Info.plist */,
				1C9451681EAF29D1008A04EE /* Supporting Files */,
			);
			path = MyApp;
			sourceTree = "<group>";
		};
		1C9451681EAF29D1008A04EE /* Supporting Files */ = {
			isa = PBXGroup;
			children = (
				1C9451691EAF29D1008A04EE /* main.m */,
			);
			name = "Supporting Files";
			sourceTree = "<group>";
		};
		1C9451811EAF29D1008A04EE /* MyAppTests */ = {
			isa = PBXGroup;
			children = (
				1C9451821EAF29D1008A04EE /* MyAppTests.m */,
				1C9451841EAF29D1008A04EE /* Info.plist */,
			);
			path = MyAppTests;
			sourceTree = "<group>";
		};
		1C94518C1EAF29D2008A04EE /* MyAppUITests */ = {
			isa = PBXGroup;
			children = (
				1C94518D1EAF29D2008A04EE /* MyAppUITests.m */,
				1C94518F1EAF29D2008A04EE /* Info.plist */,
			);
			path = MyAppUITests;
			sourceTree = "<group>";
		};
/* End PBXGroup section */

/* Begin PBXNativeTarget section */
		1C9451641EAF29D1008A04EE /* MyApp */ = {
			isa = PBXNativeTarget;
			buildConfigurationList = 1C9451921EAF29D2008A04EE /* Build configuration list for PBXNativeTarget "MyApp" */;
			buildPhases = (
				1C9451611EAF29D1008A04EE /* Sources */,
				1C9451621EAF29D1008A04EE /* Frameworks */,
				1C9451631EAF29D1008A04EE /* Resources */,
			);
			buildRules = (
			);
			dependencies = (
			);
			name = MyApp;
			productName = MyApp;
			productReference = 1C9451651EAF29D1008A04EE /* MyApp.app */;
			productType = "com.apple.product-type.application";
		};
		1C94517D1EAF29D1008A04EE /* MyAppTests */ = {
			isa = PBXNativeTarget;
			buildConfigurationList = 1C9451951EAF29D2008A04EE /* Build configuration list for PBXNativeTarget "MyAppTests" */;
			buildPhases = (
				1C94517A1EAF29D1008A04EE /* Sources */,
				1C94517B1EAF29D1008A04EE /* Frameworks */,
				1C94517C1EAF29D1008A04EE /* Resources */,
			);
			buildRules = (
			);
			dependencies = (
				1C9451801EAF29D1008A04EE /* PBXTargetDependency */,
			);
			name = MyAppTests;
			productName = MyAppTests;
			productReference = 1C94517E1EAF29D1008A04EE /* MyAppTests.xctest */;
			productType = "com.apple.product-type.bundle.unit-test";
		};
		1C9451881EAF29D2008A04EE /* MyAppUITests */ = {
			isa = PBXNativeTarget;
			buildConfigurationList = 1C9451981EAF29D2008A04EE /* Build configuration list for PBXNativeTarget "MyAppUITests" */;
			buildPhases = (
				1C9451851EAF29D2008A04EE /* Sources */,
				1C9451861EAF29D2008A04EE /* Frameworks */,
				1C9451871EAF29D2008A04EE /* Resources */,
			);
			buildRules = (
			);
			dependencies = (
				1C94518B1EAF29D2008A04EE /* PBXTargetDependency */,
			);
			name = MyAppUITests;
			productName = MyAppUITests;
			productReference = 1C9451891EAF29D2008A04EE /* MyAppUITests.xctest */;
			productType = "com.apple.product-type.bundle.ui-testing";
		};
/* End PBXNativeTarget section */

/* Begin PBXProject section */
		1C94515D1EAF29D1008A04EE /* Project object */ = {
			isa = PBXProject;
			attributes = {
				LastUpgradeCheck = 0830;
				ORGANIZATIONNAME = TWTD;
				TargetAttributes = {
					1C9451641EAF29D1008A04EE = {
						CreatedOnToolsVersion = 8.3.1;
						DevelopmentTeam = 27FJELL32N;
						ProvisioningStyle = Automatic;
					};
					1C94517D1EAF29D1008A04EE = {
						CreatedOnToolsVersion = 8.3.1;
						DevelopmentTeam = 27FJELL32N;
						ProvisioningStyle = Automatic;
						TestTargetID = 1C9451641EAF29D1008A04EE;
					};
					1C9451881EAF29D2008A04EE = {
						CreatedOnToolsVersion = 8.3.1;
						DevelopmentTeam = 27FJELL32N;
						ProvisioningStyle = Automatic;
						TestTargetID = 1C9451641EAF29D1008A04EE;
					};
				};
			};
			buildConfigurationList = 1C9451601EAF29D1008A04EE /* Build configuration list for PBXProject "MyApp" */;
			compatibilityVersion = "Xcode 3.2";
			developmentRegion = English;
			hasScannedForEncodings = 0;
			knownRegions = (
				en,
				Base,
			);
			mainGroup = 1C94515C1EAF29D1008A04EE;
			productRefGroup = 1C9451661EAF29D1008A04EE /* Products */;
			projectDirPath = "";
			projectRoot = "";
			targets = (
				1C9451641EAF29D1008A04EE /* MyApp */,
				1C94517D1EAF29D1008A04EE /* MyAppTests */,
				1C9451881EAF29D2008A04EE /* MyAppUITests */,
			);
		};
/* End PBXProject section */

/* Begin PBXResourcesBuildPhase section */
		1C9451631EAF29D1008A04EE /* Resources */ = {
			isa = PBXResourcesBuildPhase;
			buildActionMask = 2147483647;
			files = (
				1C9451781EAF29D1008A04EE /* LaunchScreen.storyboard in Resources */,
				1C9451751EAF29D1008A04EE /* Assets.xcassets in Resources */,
				1C9451731EAF29D1008A04EE /* Main.storyboard in Resources */,
			);
			runOnlyForDeploymentPostprocessing = 0;
		};
		1C94517C1EAF29D1008A04EE /* Resources */ = {
			isa = PBXResourcesBuildPhase;
			buildActionMask = 2147483647;
			files = (
			);
			runOnlyForDeploymentPostprocessing = 0;
		};
		1C9451871EAF29D2008A04EE /* Resources */ = {
			isa = PBXResourcesBuildPhase;
			buildActionMask = 2147483647;
			files = (
			);
			runOnlyForDeploymentPostprocessing = 0;
		};
/* End PBXResourcesBuildPhase section */

/* Begin PBXSourcesBuildPhase section */
		1C9451611EAF29D1008A04EE /* Sources */ = {
			isa = PBXSourcesBuildPhase;
			buildActionMask = 2147483647;
			files = (
				1C9451701EAF29D1008A04EE /* ViewController.m in Sources */,
				1C94516D1EAF29D1008A04EE /* AppDelegate.m in Sources */,
				1C94516A1EAF29D1008A04EE /* main.m in Sources */,
			);
			runOnlyForDeploymentPostprocessing = 0;
		};
		1C94517A1EAF29D1008A04EE /* Sources */ = {
			isa = PBXSourcesBuildPhase;
			buildActionMask = 2147483647;
			files = (
				1C9451831EAF29D1008A04EE /* MyAppTests.m in Sources */,
			);
			runOnlyForDeploymentPostprocessing = 0;
		};
		1C9451851EAF29D2008A04EE /* Sources */ = {
			isa = PBXSourcesBuildPhase;
			buildActionMask = 2147483647;
			files = (
				1C94518E1EAF29D2008A04EE /* MyAppUITests.m in Sources */,
			);
			runOnlyForDeploymentPostprocessing = 0;
		};
/* End PBXSourcesBuildPhase section */

/* Begin PBXTargetDependency section */
		1C9451801EAF29D1008A04EE /* PBXTargetDependency */ = {
			isa = PBXTargetDependency;
			target = 1C9451641EAF29D1008A04EE /* MyApp */;
			targetProxy = 1C94517F1EAF29D1008A04EE /* PBXContainerItemProxy */;
		};
		1C94518B1EAF29D2008A04EE /* PBXTargetDependency */ = {
			isa = PBXTargetDependency;
			target = 1C9451641EAF29D1008A04EE /* MyApp */;
			targetProxy = 1C94518A1EAF29D2008A04EE /* PBXContainerItemProxy */;
		};
/* End PBXTargetDependency section */

/* Begin PBXVariantGroup section */
		1C9451711EAF29D1008A04EE /* Main.storyboard */ = {
			isa = PBXVariantGroup;
			children = (
				1C9451721EAF29D1008A04EE /* Base */,
			);
			name = Main.storyboard;
			sourceTree = "<group>";
		};
		1C9451761EAF29D1008A04EE /* LaunchScreen.storyboard */ = {
			isa = PBXVariantGroup;
			children = (
				1C9451771EAF29D1008A04EE /* Base */,
			);
			name = LaunchScreen.storyboard;
			sourceTree = "<group>";
		};
/* End PBXVariantGroup section */

/* Begin XCBuildConfiguration section */
		1C9451901EAF29D2008A04EE /* Debug */ = {
			isa = XCBuildConfiguration;
			buildSettings = {
				ALWAYS_SEARCH_USER_PATHS = NO;
				CLANG_ANALYZER_NONNULL = YES;
				CLANG_ANALYZER_NUMBER_OBJECT_CONVERSION = YES_AGGRESSIVE;
				CLANG_CXX_LANGUAGE_STANDARD = "gnu++0x";
				CLANG_CXX_LIBRARY = "libc++";
				CLANG_ENABLE_MODULES = YES;
				CLANG_ENABLE_OBJC_ARC = YES;
				CLANG_WARN_BOOL_CONVERSION = YES;
				CLANG_WARN_CONSTANT_CONVERSION = YES;
				CLANG_WARN_DIRECT_OBJC_ISA_USAGE = YES_ERROR;
				CLANG_WARN_DOCUMENTATION_COMMENTS = YES;
				CLANG_WARN_EMPTY_BODY = YES;
				CLANG_WARN_ENUM_CONVERSION = YES;
				CLANG_WARN_INFINITE_RECURSION = YES;
				CLANG_WARN_INT_CONVERSION = YES;
				CLANG_WARN_OBJC_ROOT_CLASS = YES_ERROR;
				CLANG_WARN_SUSPICIOUS_MOVE = YES;
				CLANG_WARN_UNREACHABLE_CODE = YES;
				CLANG_WARN__DUPLICATE_METHOD_MATCH = YES;
				"CODE_SIGN_IDENTITY[sdk=iphoneos*]" = "iPhone Developer";
				COPY_PHASE_STRIP = NO;
				DEBUG_INFORMATION_FORMAT = dwarf;
				ENABLE_STRICT_OBJC_MSGSEND = YES;
				ENABLE_TESTABILITY = YES;
				GCC_C_LANGUAGE_STANDARD = gnu99;
				GCC_DYNAMIC_NO_PIC = NO;
				GCC_NO_COMMON_BLOCKS = YES;
				GCC_OPTIMIZATION_LEVEL = 0;
				GCC_PREPROCESSOR_DEFINITIONS = (
					"DEBUG=1",
					"$(inherited)",
				);
				GCC_WARN_64_TO_32_BIT_CONVERSION = YES;
				GCC_WARN_ABOUT_RETURN_TYPE = YES_ERROR;
				GCC_WARN_UNDECLARED_SELECTOR = YES;
				GCC_WARN_UNINITIALIZED_AUTOS = YES_AGGRESSIVE;
				GCC_WARN_UNUSED_FUNCTION = YES;
				GCC_WARN_UNUSED_VARIABLE = YES;
				IPHONEOS_DEPLOYMENT_TARGET = 10.3;
				MTL_ENABLE_DEBUG_INFO = YES;
				ONLY_ACTIVE_ARCH = YES;
				SDKROOT = iphoneos;
			};
			name = Debug;
		};
		1C9451911EAF29D2008A04EE /* Release */ = {
			isa = XCBuildConfiguration;
			buildSettings = {
				ALWAYS_SEARCH_USER_PATHS = NO;
				CLANG_ANALYZER_NONNULL = YES;
				CLANG_ANALYZER_NUMBER_OBJECT_CONVERSION = YES_AGGRESSIVE;
				CLANG_CXX_LANGUAGE_STANDARD = "gnu++0x";
				CLANG_CXX_LIBRARY = "libc++";
				CLANG_ENABLE_MODULES = YES;
				CLANG_ENABLE_OBJC_ARC = YES;
				CLANG_WARN_BOOL_CONVERSION = YES;
				CLANG_WARN_CONSTANT_CONVERSION = YES;
				CLANG_WARN_DIRECT_OBJC_ISA_USAGE = YES_ERROR;
				CLANG_WARN_DOCUMENTATION_COMMENTS = YES;
				CLANG_WARN_EMPTY_BODY = YES;
				CLANG_WARN_ENUM_CONVERSION = YES;
				CLANG_WARN_INFINITE_RECURSION = YES;
				CLANG_WARN_INT_CONVERSION = YES;
				CLANG_WARN_OBJC_ROOT_CLASS = YES_ERROR;
				CLANG_WARN_SUSPICIOUS_MOVE = YES;
				CLANG_WARN_UNREACHABLE_CODE = YES;
				CLANG_WARN__DUPLICATE_METHOD_MATCH = YES;
				"CODE_SIGN_IDENTITY[sdk=iphoneos*]" = "iPhone Developer";
				COPY_PHASE_STRIP = NO;
				DEBUG_INFORMATION_FORMAT = "dwarf-with-dsym";
				ENABLE_NS_ASSERTIONS = NO;
				ENABLE_STRICT_OBJC_MSGSEND = YES;
				GCC_C_LANGUAGE_STANDARD = gnu99;
				GCC_NO_COMMON_BLOCKS = YES;
				GCC_WARN_64_TO_32_BIT_CONVERSION = YES;
				GCC_WARN_ABOUT_RETURN_TYPE = YES_ERROR;
				GCC_WARN_UNDECLARED_SELECTOR = YES;
				GCC_WARN_UNINITIALIZED_AUTOS = YES_AGGRESSIVE;
				GCC_WARN_UNUSED_FUNCTION = YES;
				GCC_WARN_UNUSED_VARIABLE = YES;
				IPHONEOS_DEPLOYMENT_TARGET = 10.3;
				MTL_ENABLE_DEBUG_INFO = NO;
				SDKROOT = iphoneos;
				VALIDATE_PRODUCT = YES;
			};
			name = Release;
		};
		1C9451931EAF29D2008A04EE /* Debug */ = {
			isa = XCBuildConfiguration;
			buildSettings = {
				ASSETCATALOG_COMPILER_APPICON_NAME = AppIcon;
				DEVELOPMENT_TEAM = 27FJELL32N;
				INFOPLIST_FILE = MyApp/Info.plist;
				LD_RUNPATH_SEARCH_PATHS = "$(inherited) @executable_path/Frameworks";
				PRODUCT_BUNDLE_IDENTIFIER = xc202.MyApp;
				PRODUCT_NAME = "$(TARGET_NAME)";
			};
			name = Debug;
		};
		1C9451941EAF29D2008A04EE /* Release */ = {
			isa = XCBuildConfiguration;
			buildSettings = {
				ASSETCATALOG_COMPILER_APPICON_NAME = AppIcon;
				DEVELOPMENT_TEAM = 27FJELL32N;
				INFOPLIST_FILE = MyApp/Info.plist;
				LD_RUNPATH_SEARCH_PATHS = "$(inherited) @executable_path/Frameworks";
				PRODUCT_BUNDLE_IDENTIFIER = xc202.MyApp;
				PRODUCT_NAME = "$(TARGET_NAME)";
			};
			name = Release;
		};
		1C9451961EAF29D2008A04EE /* Debug */ = {
			isa = XCBuildConfiguration;
			buildSettings = {
				BUNDLE_LOADER = "$(TEST_HOST)";
				DEVELOPMENT_TEAM = 27FJELL32N;
				INFOPLIST_FILE = MyAppTests/Info.plist;
				LD_RUNPATH_SEARCH_PATHS = "$(inherited) @executable_path/Frameworks @loader_path/Frameworks";
				PRODUCT_BUNDLE_IDENTIFIER = xc202.MyAppTests;
				PRODUCT_NAME = "$(TARGET_NAME)";
				TEST_HOST = "$(BUILT_PRODUCTS_DIR)/MyApp.app/MyApp";
			};
			name = Debug;
		};
		1C9451971EAF29D2008A04EE /* Release */ = {
			isa = XCBuildConfiguration;
			buildSettings = {
				BUNDLE_LOADER = "$(TEST_HOST)";
				DEVELOPMENT_TEAM = 27FJELL32N;
				INFOPLIST_FILE = MyAppTests/Info.plist;
				LD_RUNPATH_SEARCH_PATHS = "$(inherited) @executable_path/Frameworks @loader_path/Frameworks";
				PRODUCT_BUNDLE_IDENTIFIER = xc202.MyAppTests;
				PRODUCT_NAME = "$(TARGET_NAME)";
				TEST_HOST = "$(BUILT_PRODUCTS_DIR)/MyApp.app/MyApp";
			};
			name = Release;
		};
		1C9451991EAF29D2008A04EE /* Debug */ = {
			isa = XCBuildConfiguration;
			buildSettings = {
				DEVELOPMENT_TEAM = 27FJELL32N;
				INFOPLIST_FILE = MyAppUITests/Info.plist;
				LD_RUNPATH_SEARCH_PATHS = "$(inherited) @executable_path/Frameworks @loader_path/Frameworks";
				PRODUCT_BUNDLE_IDENTIFIER = xc202.MyAppUITests;
				PRODUCT_NAME = "$(TARGET_NAME)";
				TEST_TARGET_NAME = MyApp;
			};
			name = Debug;
		};
		1C94519A1EAF29D2008A04EE /* Release */ = {
			isa = XCBuildConfiguration;
			buildSettings = {
				DEVELOPMENT_TEAM = 27FJELL32N;
				INFOPLIST_FILE = MyAppUITests/Info.plist;
				LD_RUNPATH_SEARCH_PATHS = "$(inherited) @executable_path/Frameworks @loader_path/Frameworks";
				PRODUCT_BUNDLE_IDENTIFIER = xc202.MyAppUITests;
				PRODUCT_NAME = "$(TARGET_NAME)";
				TEST_TARGET_NAME = MyApp;
			};
			name = Release;
		};
/* End XCBuildConfiguration section */

/* Begin XCConfigurationList section */
		1C9451601EAF29D1008A04EE /* Build configuration list for PBXProject "MyApp" */ = {
			isa = XCConfigurationList;
			buildConfigurations = (
				1C9451901EAF29D2008A04EE /* Debug */,
				1C9451911EAF29D2008A04EE /* Release */,
			);
			defaultConfigurationIsVisible = 0;
			defaultConfigurationName = Release;
		};
		1C9451921EAF29D2008A04EE /* Build configuration list for PBXNativeTarget "MyApp" */ = {
			isa = XCConfigurationList;
			buildConfigurations = (
				1C9451931EAF29D2008A04EE /* Debug */,
				1C9451941EAF29D2008A04EE /* Release */,
			);
			defaultConfigurationIsVisible = 0;
		};
		1C9451951EAF29D2008A04EE /* Build configuration list for PBXNativeTarget "MyAppTests" */ = {
			isa = XCConfigurationList;
			buildConfigurations = (
				1C9451961EAF29D2008A04EE /* Debug */,
				1C9451971EAF29D2008A04EE /* Release */,
			);
			defaultConfigurationIsVisible = 0;
		};
		1C9451981EAF29D2008A04EE /* Build configuration list for PBXNativeTarget "MyAppUITests" */ = {
			isa = XCConfigurationList;
			buildConfigurations = (
				1C9451991EAF29D2008A04EE /* Debug */,
				1C94519A1EAF29D2008A04EE /* Release */,
			);
			defaultConfigurationIsVisible = 0;
		};
/* End XCConfigurationList section */
	};
	rootObject = 1C94515D1EAF29D1008A04EE /* Project object */;
}
